
Microsoft Visual Studio Solution File, Format Version 12.00
# Visual Studio Version 16
VisualStudioVersion = 16.0.30711.63
MinimumVisualStudioVersion = 10.0.40219.1
Project("{9A19103F-16F7-4668-BE54-9A1E7A4F7556}") = "Ensek.Test.Web", "Ensek.Test\Ensek.Test.Web.csproj", "{83AAE765-5AD1-44F7-9383-6B301FEE5BE1}"
EndProject
Project("{2150E333-8FDC-42A3-9474-1A3956D46DE8}") = "src", "src", "{46A55025-D66E-41E0-8625-E80638F86C97}"
EndProject
Project("{2150E333-8FDC-42A3-9474-1A3956D46DE8}") = "tests", "tests", "{360AC6E3-DCC2-45E6-9702-F0F062ABCA52}"
EndProject
Project("{FAE04EC0-301F-11D3-BF4B-00C04F79EFBC}") = "Ensek.Test.Domain", "Ensek.Test.Domain\Ensek.Test.Domain.csproj", "{FA643D4E-BC68-4135-8D91-022AD4CEF5E1}"
EndProject
Global
	GlobalSection(SolutionConfigurationPlatforms) = preSolution
		Debug|Any CPU = Debug|Any CPU
		Release|Any CPU = Release|Any CPU
	EndGlobalSection
	GlobalSection(ProjectConfigurationPlatforms) = postSolution
		{83AAE765-5AD1-44F7-9383-6B301FEE5BE1}.Debug|Any CPU.ActiveCfg = Debug|Any CPU
		{83AAE765-5AD1-44F7-9383-6B301FEE5BE1}.Debug|Any CPU.Build.0 = Debug|Any CPU
		{83AAE765-5AD1-44F7-9383-6B301FEE5BE1}.Release|Any CPU.ActiveCfg = Release|Any CPU
		{83AAE765-5AD1-44F7-9383-6B301FEE5BE1}.Release|Any CPU.Build.0 = Release|Any CPU
		{FA643D4E-BC68-4135-8D91-022AD4CEF5E1}.Debug|Any CPU.ActiveCfg = Debug|Any CPU
		{FA643D4E-BC68-4135-8D91-022AD4CEF5E1}.Debug|Any CPU.Build.0 = Debug|Any CPU
		{FA643D4E-BC68-4135-8D91-022AD4CEF5E1}.Release|Any CPU.ActiveCfg = Release|Any CPU
		{FA643D4E-BC68-4135-8D91-022AD4CEF5E1}.Release|Any CPU.Build.0 = Release|Any CPU
	EndGlobalSection
	GlobalSection(SolutionProperties) = preSolution
		HideSolutionNode = FALSE
	EndGlobalSection
	GlobalSection(NestedProjects) = preSolution
		{83AAE765-5AD1-44F7-9383-6B301FEE5BE1} = {46A55025-D66E-41E0-8625-E80638F86C97}
		{FA643D4E-BC68-4135-8D91-022AD4CEF5E1} = {46A55025-D66E-41E0-8625-E80638F86C97}
	EndGlobalSection
	GlobalSection(ExtensibilityGlobals) = postSolution
		SolutionGuid = {743AC045-7EC0-4197-BE39-7E402B9B2C72}
	EndGlobalSection
EndGlobal
